{
  "name": "tdl-backup",
  "version": "1.0.0",
  "lockfileVersion": 1,
  "requires": true,
  "dependencies": {
    "debug": {
      "version": "4.3.1",
      "resolved": "https://registry.npmjs.org/debug/-/debug-4.3.1.tgz",
      "integrity": "sha512-doEwdvm4PCeK4K3RQN2ZC2BYUBaxwLARCqZmMjtF8a51J2Rb0xpVloFRnCODwqjpwnAoao4pelN8l3RJdv3gRQ==",
      "requires": {
        "ms": "2.1.2"
      }
    },
    "eventemitter3": {
      "version": "4.0.7",
      "resolved": "https://registry.npmjs.org/eventemitter3/-/eventemitter3-4.0.7.tgz",
      "integrity": "sha512-8guHBZCwKnFhYdHr2ysuRWErTwhoN2X8XELRlrRwpmfeY2jjuUN4taQMsULKUVo1K4DvZl+0pgfyoysHxvmvEw=="
    },
    "ms": {
      "version": "2.1.2",
      "resolved": "https://registry.npmjs.org/ms/-/ms-2.1.2.tgz",
      "integrity": "sha512-sGkPx+VjMtmA6MX27oA4FBFELFCZZ4S4XqeGOXCv68tT+jb3vk/RyaKWP0PTKyWtmLSM0b+adUTEvbs1PEaH2w=="
    },
    "mute-stream": {
      "version": "0.0.8",
      "resolved": "https://registry.npmjs.org/mute-stream/-/mute-stream-0.0.8.tgz",
      "integrity": "sha512-nnbWWOkoWyUsTjKrhgD0dcz22mdkSnpYqbEjIm2nhwhuxlSkpywJmBo8h0ZqJdkp73mb90SssHkN4rsRaBAfAA=="
    },
    "node-addon-api": {
      "version": "3.1.0",
      "resolved": "https://registry.npmjs.org/node-addon-api/-/node-addon-api-3.1.0.tgz",
      "integrity": "sha512-flmrDNB06LIl5lywUz7YlNGZH/5p0M7W28k8hzd9Lshtdh1wshD2Y+U4h9LD6KObOy1f+fEVdgprPrEymjM5uw=="
    },
    "promptly": {
      "version": "3.2.0",
      "resolved": "https://registry.npmjs.org/promptly/-/promptly-3.2.0.tgz",
      "integrity": "sha512-WnR9obtgW+rG4oUV3hSnNGl1pHm3V1H/qD9iJBumGSmVsSC5HpZOLuu8qdMb6yCItGfT7dcRszejr/5P3i9Pug==",
      "requires": {
        "read": "^1.0.4"
      }
    },
    "read": {
      "version": "1.0.7",
      "resolved": "https://registry.npmjs.org/read/-/read-1.0.7.tgz",
      "integrity": "sha1-s9oZvQUkMal2cdRKQmNK33ELQMQ=",
      "requires": {
        "mute-stream": "~0.0.4"
      }
    },
    "tdl": {
      "version": "7.0.0",
      "resolved": "https://registry.npmjs.org/tdl/-/tdl-7.0.0.tgz",
      "integrity": "sha512-jvVrxzb54fjYvHWFqn1L4FRzHkuMAeggzjByEJqBkM7ZMIjA+tW7oSVJxonLXBD9QCcBzlAFvo8nx3qOrh+teA==",
      "requires": {
        "debug": "^4.3.1",
        "eventemitter3": "^4.0.7",
        "promptly": "^3.2.0",
        "tdl-shared": "^0.10.0"
      }
    },
    "tdl-shared": {
      "version": "0.10.0",
      "resolved": "https://registry.npmjs.org/tdl-shared/-/tdl-shared-0.10.0.tgz",
      "integrity": "sha512-MWkHaB4zp1NjuDQFSjB6SiDqesCjQPXhHwdP+V5G5AWijnNlDUYOatEUagn4pOaulBm+7VDZsGfof8HUZIgeag=="
    },
    "tdl-tdlib-addon": {
      "version": "1.0.1",
      "resolved": "https://registry.npmjs.org/tdl-tdlib-addon/-/tdl-tdlib-addon-1.0.1.tgz",
      "integrity": "sha512-MhjiC8p1CqJ1cN1CLLjBtH0+SrcjwWcDT9rBWdj6dL3WD0+urPUF7mfvjniyDCLBkPw1Gpl0uNaBlpSrJfnhhw==",
      "requires": {
        "debug": "^4.3.1",
        "node-addon-api": "^3.0.2",
        "tdl-shared": "^0.10.0"
      }
    },
    "tdl-tdlib-wasm": {
      "version": "0.6.0",
      "resolved": "https://registry.npmjs.org/tdl-tdlib-wasm/-/tdl-tdlib-wasm-0.6.0.tgz",
      "integrity": "sha512-D2FVHGcBHkFRHwOBCHfNh8L6rjebH0duA4YJ2DaeEBk+Mx/ELvDnFrs6zh2MFMoCTd+kWhUhU9vmnAmJHeP1Xw==",
      "requires": {
        "debug": "^4.3.1",
        "tdl-shared": "^0.10.0"
      }
    }
  }
}
