{
  "name": "tdl-backup",
  "version": "1.0.0",
  "lockfileVersion": 3,
  "requires": true,
  "packages": {
    "": {
      "name": "tdl-backup",
      "version": "1.0.0",
      "license": "MIT",
      "dependencies": {
        "tdl": "^7.0.0",
        "tdl-tdlib-addon": "^1.0.1",
        "tdl-tdlib-wasm": "^0.6.0"
      }
    },
    "node_modules/debug": {
      "version": "4.3.1",
      "resolved": "https://registry.npmjs.org/debug/-/debug-4.3.1.tgz",
      "integrity": "sha512-doEwdvm4PCeK4K3RQN2ZC2BYUBaxwLARCqZmMjtF8a51J2Rb0xpVloFRnCODwqjpwnAoao4pelN8l3RJdv3gRQ==",
      "dependencies": {
        "ms": "2.1.2"
      },
      "engines": {
        "node": ">=6.0"
      },
      "peerDependenciesMeta": {
        "supports-color": {
          "optional": true
        }
      }
    },
    "node_modules/eventemitter3": {
      "version": "4.0.7",
      "resolved": "https://registry.npmjs.org/eventemitter3/-/eventemitter3-4.0.7.tgz",
      "integrity": "sha512-8guHBZCwKnFhYdHr2ysuRWErTwhoN2X8XELRlrRwpmfeY2jjuUN4taQMsULKUVo1K4DvZl+0pgfyoysHxvmvEw=="
    },
    "node_modules/ms": {
      "version": "2.1.2",
      "resolved": "https://registry.npmjs.org/ms/-/ms-2.1.2.tgz",
      "integrity": "sha512-sGkPx+VjMtmA6MX27oA4FBFELFCZZ4S4XqeGOXCv68tT+jb3vk/RyaKWP0PTKyWtmLSM0b+adUTEvbs1PEaH2w=="
    },
    "node_modules/node-addon-api": {
      "version": "6.0.0",
      "resolved": "https://registry.npmjs.org/node-addon-api/-/node-addon-api-6.0.0.tgz",
      "integrity": "sha512-GyHvgPvUXBvAkXa0YvYnhilSB1A+FRYMpIVggKzPZqdaZfevZOuzfWzyvgzOwRLHBeo/MMswmJFsrNF4Nw1pmA=="
    },
    "node_modules/node-gyp-build": {
      "version": "4.6.0",
      "resolved": "https://registry.npmjs.org/node-gyp-build/-/node-gyp-build-4.6.0.tgz",
      "integrity": "sha512-NTZVKn9IylLwUzaKjkas1e4u2DLNcV4rdYagA4PWdPwW87Bi7z+BznyKSRwS/761tV/lzCGXplWsiaMjLqP2zQ==",
      "bin": {
        "node-gyp-build": "bin.js",
        "node-gyp-build-optional": "optional.js",
        "node-gyp-build-test": "build-test.js"
      }
    },
    "node_modules/tdl": {
      "version": "7.3.2",
      "resolved": "https://registry.npmjs.org/tdl/-/tdl-7.3.2.tgz",
      "integrity": "sha512-+F0lgiVHW5ftoJW3cQ1PnBKqWnvB1uNga4YJa6i2l+kIDnlwUZUW+0c7Ne+sNTN8dW9Tj7XhyWr60T2BKDGOTA==",
      "hasInstallScript": true,
      "dependencies": {
        "debug": "^4.3.4",
        "eventemitter3": "^4.0.7",
        "node-addon-api": "^6.0.0",
        "node-gyp-build": "^4.6.0"
      }
    },
    "node_modules/tdl-shared": {
      "version": "0.10.0",
      "resolved": "https://registry.npmjs.org/tdl-shared/-/tdl-shared-0.10.0.tgz",
      "integrity": "sha512-MWkHaB4zp1NjuDQFSjB6SiDqesCjQPXhHwdP+V5G5AWijnNlDUYOatEUagn4pOaulBm+7VDZsGfof8HUZIgeag==",
      "deprecated": "Use tdl >= 7.3.0"
    },
    "node_modules/tdl-tdlib-addon": {
      "version": "1.2.2",
      "resolved": "https://registry.npmjs.org/tdl-tdlib-addon/-/tdl-tdlib-addon-1.2.2.tgz",
      "integrity": "sha512-Mo7iCVNRmWld6+JVRRox3dIT98x/D9Em3gcodJQdQ0m46b0OFgONEdkE1enfzaAo8ptN611bW5Lm8Fw01t81tg==",
      "deprecated": "Use tdl >= 7.3.0",
      "hasInstallScript": true,
      "dependencies": {
        "debug": "^4.3.4",
        "node-addon-api": "^6.0.0",
        "tdl-shared": "^0.10.0"
      },
      "peerDependencies": {
        "tdl": ">= 7.0.0"
      }
    },
    "node_modules/tdl-tdlib-addon/node_modules/debug": {
      "version": "4.3.4",
      "resolved": "https://registry.npmjs.org/debug/-/debug-4.3.4.tgz",
      "integrity": "sha512-PRWFHuSU3eDtQJPvnNY7Jcket1j0t5OuOsFzPPzsekD52Zl8qUfFIPEiswXqIvHWGVHOgX+7G/vCNNhehwxfkQ==",
      "dependencies": {
        "ms": "2.1.2"
      },
      "engines": {
        "node": ">=6.0"
      },
      "peerDependenciesMeta": {
        "supports-color": {
          "optional": true
        }
      }
    },
    "node_modules/tdl-tdlib-wasm": {
      "version": "0.6.0",
      "resolved": "https://registry.npmjs.org/tdl-tdlib-wasm/-/tdl-tdlib-wasm-0.6.0.tgz",
      "integrity": "sha512-D2FVHGcBHkFRHwOBCHfNh8L6rjebH0duA4YJ2DaeEBk+Mx/ELvDnFrs6zh2MFMoCTd+kWhUhU9vmnAmJHeP1Xw==",
      "deprecated": "No longer supported",
      "dependencies": {
        "debug": "^4.3.1",
        "tdl-shared": "^0.10.0"
      },
      "peerDependencies": {
        "tdl": ">= 7.0.0"
      }
    },
    "node_modules/tdl/node_modules/debug": {
      "version": "4.3.4",
      "resolved": "https://registry.npmjs.org/debug/-/debug-4.3.4.tgz",
      "integrity": "sha512-PRWFHuSU3eDtQJPvnNY7Jcket1j0t5OuOsFzPPzsekD52Zl8qUfFIPEiswXqIvHWGVHOgX+7G/vCNNhehwxfkQ==",
      "dependencies": {
        "ms": "2.1.2"
      },
      "engines": {
        "node": ">=6.0"
      },
      "peerDependenciesMeta": {
        "supports-color": {
          "optional": true
        }
      }
    }
  }
}
